<Solution>
  <Folder Name="/tools/" />
  <Folder Name="/tools/sage-cli/">
    <Project Path="tools/sage-cli/Uml4Net.Sage.Tools.Hook.Tests/Uml4Net.Sage.Tools.Hook.Tests.csproj" />
    <Project Path="tools/sage-cli/Uml4Net.Sage.Tools.Hook/Uml4Net.Sage.Tools.Hook.csproj" />
    <Project Path="tools/sage-cli/Uml4Net.Sage.Tools.Tests/Uml4Net.Sage.Tools.Tests.csproj" />
    <Project Path="tools/sage-cli/Uml4Net.Sage.Tools/Uml4Net.Sage.Tools.csproj" />
  </Folder>
  <Folder Name="/tools/knowledge-gen/">
    <Project Path="tools/knowledge-gen/Uml4Net.Sage.Knowledge.Tests/Uml4Net.Sage.Knowledge.Tests.csproj" />
    <Project Path="tools/knowledge-gen/Uml4Net.Sage.Knowledge/Uml4Net.Sage.Knowledge.csproj" />
  </Folder>
  <Folder Name="/tools/metamodel-gen/">
    <Project Path="tools/metamodel-gen/Uml4Net.Sage.MetamodelGen.Tests/Uml4Net.Sage.MetamodelGen.Tests.csproj" />
    <Project Path="tools/metamodel-gen/Uml4Net.Sage.MetamodelGen/Uml4Net.Sage.MetamodelGen.csproj" />
  </Folder>
</Solution>
