<Solution>
  <Folder Name="/tools/" />
  <Folder Name="/tools/codex-cli/">
    <Project Path="tools/codex-cli/Uml4Net.Codex.Tools.Hook.Tests/Uml4Net.Codex.Tools.Hook.Tests.csproj" />
    <Project Path="tools/codex-cli/Uml4Net.Codex.Tools.Hook/Uml4Net.Codex.Tools.Hook.csproj" />
    <Project Path="tools/codex-cli/Uml4Net.Codex.Tools.Tests/Uml4Net.Codex.Tools.Tests.csproj" />
    <Project Path="tools/codex-cli/Uml4Net.Codex.Tools/Uml4Net.Codex.Tools.csproj" />
  </Folder>
  <Folder Name="/tools/knowledge-gen/">
    <Project Path="tools/knowledge-gen/Uml4Net.Codex.Knowledge.Tests/Uml4Net.Codex.Knowledge.Tests.csproj" />
    <Project Path="tools/knowledge-gen/Uml4Net.Codex.Knowledge/Uml4Net.Codex.Knowledge.csproj" />
  </Folder>
  <Folder Name="/tools/metamodel-gen/">
    <Project Path="tools/metamodel-gen/Uml4Net.Codex.MetamodelGen.Tests/Uml4Net.Codex.MetamodelGen.Tests.csproj" />
    <Project Path="tools/metamodel-gen/Uml4Net.Codex.MetamodelGen/Uml4Net.Codex.MetamodelGen.csproj" />
  </Folder>
</Solution>
